
Microsoft Visual Studio Solution File, Format Version 12.00
# Visual Studio 15
VisualStudioVersion = 15.0.26430.12
MinimumVisualStudioVersion = 10.0.40219.1
Project("{FAE04EC0-301F-11D3-BF4B-00C04F79EFBC}") = "Exporter", "Exporter\Exporter.csproj", "{C6CF42BD-4726-4027-9CEB-1835E4C4035B}"
EndProject
Project("{FAE04EC0-301F-11D3-BF4B-00C04F79EFBC}") = "DbQueries", "DbQueries\DbQueries.csproj", "{E1A6B5C2-C424-4D70-894F-C7F777646E24}"
EndProject
Global
	GlobalSection(SolutionConfigurationPlatforms) = preSolution
		Debug|Any CPU = Debug|Any CPU
		Release|Any CPU = Release|Any CPU
	EndGlobalSection
	GlobalSection(ProjectConfigurationPlatforms) = postSolution
		{C6CF42BD-4726-4027-9CEB-1835E4C4035B}.Debug|Any CPU.ActiveCfg = Debug|Any CPU
		{C6CF42BD-4726-4027-9CEB-1835E4C4035B}.Debug|Any CPU.Build.0 = Debug|Any CPU
		{C6CF42BD-4726-4027-9CEB-1835E4C4035B}.Release|Any CPU.ActiveCfg = Release|Any CPU
		{C6CF42BD-4726-4027-9CEB-1835E4C4035B}.Release|Any CPU.Build.0 = Release|Any CPU
		{E1A6B5C2-C424-4D70-894F-C7F777646E24}.Debug|Any CPU.ActiveCfg = Debug|Any CPU
		{E1A6B5C2-C424-4D70-894F-C7F777646E24}.Debug|Any CPU.Build.0 = Debug|Any CPU
		{E1A6B5C2-C424-4D70-894F-C7F777646E24}.Release|Any CPU.ActiveCfg = Release|Any CPU
		{E1A6B5C2-C424-4D70-894F-C7F777646E24}.Release|Any CPU.Build.0 = Release|Any CPU
	EndGlobalSection
	GlobalSection(SolutionProperties) = preSolution
		HideSolutionNode = FALSE
	EndGlobalSection
EndGlobal
